<?xml version="1.0" encoding="utf-8"?>
<Project ToolsVersion="4.0" xmlns="http://schemas.microsoft.com/developer/msbuild/2003">
  <ItemGroup>
    <Filter Include="Source Files">
      <UniqueIdentifier>{4FC737F1-C7A5-4376-A066-2A32D752A2FF}</UniqueIdentifier>
      <Extensions>cpp;c;cc;cxx;c++;cppm;ixx;def;odl;idl;hpj;bat;asm;asmx</Extensions>
    </Filter>
    <Filter Include="Header Files">
      <UniqueIdentifier>{93995380-89BD-4b04-88EB-625FBE52EBFB}</UniqueIdentifier>
      <Extensions>h;hh;hpp;hxx;h++;hm;inl;inc;ipp;xsd</Extensions>
    </Filter>
    <Filter Include="Resource Files">
      <UniqueIdentifier>{67DA6AB6-F800-4c08-8B7A-83BB121AAD01}</UniqueIdentifier>
      <Extensions>rc;ico;cur;bmp;dlg;rc2;rct;bin;rgs;gif;jpg;jpeg;jpe;resx;tiff;tif;png;wav;mfcribbon-ms</Extensions>
    </Filter>
    <Filter Include="Header Files\Console">
      <UniqueIdentifier>{a3f62e7d-486f-438d-b1fe-20f48150d065}</UniqueIdentifier>
    </Filter>
    <Filter Include="Source Files\Console">
      <UniqueIdentifier>{9c060e95-f5a2-4afa-9d5d-66213230449e}</UniqueIdentifier>
    </Filter>
    <Filter Include="Source Files\WinAPI">
      <UniqueIdentifier>{d9e4c4c0-2cc7-488e-9143-6d58397c02ac}</UniqueIdentifier>
    </Filter>
    <Filter Include="Header Files\WinAPI">
      <UniqueIdentifier>{c2a42c42-cf5c-4748-b6f3-1ee9343c3e6b}</UniqueIdentifier>
    </Filter>
    <Filter Include="Resource Files\WinAPI">
      <UniqueIdentifier>{4d7d1f18-5ce0-412f-b678-be7d5f4f55e2}</UniqueIdentifier>
    </Filter>
    <Filter Include="Header Files\WinAPI\Sample">
      <UniqueIdentifier>{34df3c9a-1540-4394-849f-2f570d86f02e}</UniqueIdentifier>
    </Filter>
    <Filter Include="Source Files\WinAPI\Sample">
      <UniqueIdentifier>{711a76c4-ce86-4dc1-aa54-31152090fa20}</UniqueIdentifier>
    </Filter>
    <Filter Include="vim 스터디">
      <UniqueIdentifier>{5f889a76-9d17-4fb6-9dde-cc5aa1aa2f8e}</UniqueIdentifier>
    </Filter>
    <Filter Include="vim 스터디\1.4. 편집">
      <UniqueIdentifier>{22faaab7-4436-4cdb-8c47-12b209144f4d}</UniqueIdentifier>
    </Filter>
    <Filter Include="vim 스터디\3.1. 패턴">
      <UniqueIdentifier>{a5d407c0-c296-4f48-a2d6-026b55d1a340}</UniqueIdentifier>
    </Filter>
    <Filter Include="vim 스터디\1.3. 검색">
      <UniqueIdentifier>{1c1a7de8-f59e-42d9-b109-9513d21783b5}</UniqueIdentifier>
    </Filter>
    <Filter Include="vim 스터디\1.2. 탐색">
      <UniqueIdentifier>{bc24b435-0df7-4e62-b005-dab0d8110b6e}</UniqueIdentifier>
    </Filter>
    <Filter Include="vim 스터디\1.1. 기본">
      <UniqueIdentifier>{93b55b34-7192-4972-8a6b-8fc9dcaf4688}</UniqueIdentifier>
    </Filter>
    <Filter Include="vim 스터디\3.2.패턴2">
      <UniqueIdentifier>{e299e771-e5aa-4f12-9902-5bf6bac85b38}</UniqueIdentifier>
    </Filter>
  </ItemGroup>
  <ItemGroup>
    <ClCompile Include="Main.cpp">
      <Filter>Source Files</Filter>
    </ClCompile>
    <ClCompile Include="Object.cpp">
      <Filter>Source Files</Filter>
    </ClCompile>
    <ClCompile Include="Scene.cpp">
      <Filter>Source Files</Filter>
    </ClCompile>
    <ClCompile Include="GameObject.cpp">
      <Filter>Source Files</Filter>
    </ClCompile>
    <ClCompile Include="Component.cpp">
      <Filter>Source Files</Filter>
    </ClCompile>
    <ClCompile Include="GlobalComponent.cpp">
      <Filter>Source Files</Filter>
    </ClCompile>
    <ClCompile Include="Time.cpp">
      <Filter>Source Files</Filter>
    </ClCompile>
    <ClCompile Include="Input.cpp">
      <Filter>Source Files</Filter>
    </ClCompile>
    <ClCompile Include="Transform.cpp">
      <Filter>Source Files</Filter>
    </ClCompile>
    <ClCompile Include="Vector.cpp">
      <Filter>Source Files</Filter>
    </ClCompile>
    <ClCompile Include="Vector2.cpp">
      <Filter>Source Files</Filter>
    </ClCompile>
    <ClCompile Include="Vector3.cpp">
      <Filter>Source Files</Filter>
    </ClCompile>
    <ClCompile Include="RectTransform.cpp">
      <Filter>Source Files</Filter>
    </ClCompile>
    <ClCompile Include="Rect.cpp">
      <Filter>Source Files</Filter>
    </ClCompile>
    <ClCompile Include="Camera.cpp">
      <Filter>Source Files</Filter>
    </ClCompile>
    <ClCompile Include="Graphic.cpp">
      <Filter>Source Files</Filter>
    </ClCompile>
    <ClCompile Include="ConsoleCamera.cpp">
      <Filter>Source Files\Console</Filter>
    </ClCompile>
    <ClCompile Include="MatrixCustomImage.cpp">
      <Filter>Source Files\Console</Filter>
    </ClCompile>
    <ClCompile Include="MatrixImage.cpp">
      <Filter>Source Files\Console</Filter>
    </ClCompile>
    <ClCompile Include="matrix2d.cpp">
      <Filter>Source Files\Console</Filter>
    </ClCompile>
    <ClCompile Include="ConsoleInput.cpp">
      <Filter>Source Files\Console</Filter>
    </ClCompile>
    <ClCompile Include="WinMain.cpp">
      <Filter>Source Files\WinAPI</Filter>
    </ClCompile>
    <ClCompile Include="WinAPIGraphic.cpp">
      <Filter>Source Files\WinAPI</Filter>
    </ClCompile>
    <ClCompile Include="WinAPICamera2D.cpp">
      <Filter>Source Files\WinAPI</Filter>
    </ClCompile>
    <ClCompile Include="WinAPIBitmapImage.cpp">
      <Filter>Source Files\WinAPI</Filter>
    </ClCompile>
    <ClCompile Include="WinAPICircle.cpp">
      <Filter>Source Files\WinAPI</Filter>
    </ClCompile>
    <ClCompile Include="WinAPIInput.cpp">
      <Filter>Source Files\WinAPI</Filter>
    </ClCompile>
    <ClCompile Include="WinAPISmpProtagonist.cpp">
      <Filter>Source Files\WinAPI\Sample</Filter>
    </ClCompile>
    <ClCompile Include="WinAPICycle.cpp">
      <Filter>vim 스터디\1.2. 탐색</Filter>
    </ClCompile>
    <ClCompile Include="YunutyCycle.cpp">
      <Filter>vim 스터디\1.3. 검색</Filter>
    </ClCompile>
  </ItemGroup>
  <ItemGroup>
    <ClInclude Include="Scene.h">
      <Filter>Header Files</Filter>
    </ClInclude>
    <ClInclude Include="GameObject.h">
      <Filter>Header Files</Filter>
    </ClInclude>
    <ClInclude Include="Component.h">
      <Filter>Header Files</Filter>
    </ClInclude>
    <ClInclude Include="GlobalComponent.h">
      <Filter>Header Files</Filter>
    </ClInclude>
    <ClInclude Include="Time.h">
      <Filter>Header Files</Filter>
    </ClInclude>
    <ClInclude Include="Input.h">
      <Filter>Header Files</Filter>
    </ClInclude>
    <ClInclude Include="Transform.h">
      <Filter>Header Files</Filter>
    </ClInclude>
    <ClInclude Include="Vector3.h">
      <Filter>Header Files</Filter>
    </ClInclude>
    <ClInclude Include="Rect.h">
      <Filter>Header Files</Filter>
    </ClInclude>
    <ClInclude Include="Camera.h">
      <Filter>Header Files</Filter>
    </ClInclude>
    <ClInclude Include="IGameObjectParent.h">
      <Filter>Header Files</Filter>
    </ClInclude>
    <ClInclude Include="ConsoleCamera.h">
      <Filter>Header Files\Console</Filter>
    </ClInclude>
    <ClInclude Include="YunutyEngine.h">
      <Filter>Header Files</Filter>
    </ClInclude>
    <ClInclude Include="YunutyEngineConsole.h">
      <Filter>Header Files\Console</Filter>
    </ClInclude>
    <ClInclude Include="Graphic.h">
      <Filter>Header Files</Filter>
    </ClInclude>
    <ClInclude Include="MatrixImage.h">
      <Filter>Header Files\Console</Filter>
    </ClInclude>
    <ClInclude Include="MatrixCustomImage.h">
      <Filter>Header Files\Console</Filter>
    </ClInclude>
    <ClInclude Include="matrix2d.h">
      <Filter>Header Files\Console</Filter>
    </ClInclude>
    <ClInclude Include="ConsoleInput.h">
      <Filter>Header Files\Console</Filter>
    </ClInclude>
    <ClInclude Include="WinAPI_resources.h">
      <Filter>Header Files\WinAPI</Filter>
    </ClInclude>
    <ClInclude Include="WinAPICycle.h">
      <Filter>Header Files\WinAPI</Filter>
    </ClInclude>
    <ClInclude Include="WinAPIGraphic.h">
      <Filter>Header Files\WinAPI</Filter>
    </ClInclude>
    <ClInclude Include="WinAPICamera2D.h">
      <Filter>Header Files\WinAPI</Filter>
    </ClInclude>
    <ClInclude Include="WinAPIBitmapImage.h">
      <Filter>Header Files\WinAPI</Filter>
    </ClInclude>
    <ClInclude Include="WinAPICircle.h">
      <Filter>Header Files\WinAPI</Filter>
    </ClInclude>
    <ClInclude Include="WinAPIInput.h">
      <Filter>Header Files\WinAPI</Filter>
    </ClInclude>
    <ClInclude Include="WinAPISmpProtagonist.h">
      <Filter>Header Files\WinAPI\Sample</Filter>
    </ClInclude>
    <ClInclude Include="Object.h">
      <Filter>vim 스터디\1.1. 기본</Filter>
    </ClInclude>
    <ClInclude Include="EKeycode.h">
      <Filter>vim 스터디\3.1. 패턴</Filter>
    </ClInclude>
    <ClInclude Include="RectTransform.h">
      <Filter>vim 스터디\1.4. 편집</Filter>
    </ClInclude>
    <ClInclude Include="YunutyCycle.h">
      <Filter>vim 스터디\3.2.패턴2</Filter>
    </ClInclude>
    <ClInclude Include="Vector.h">
      <Filter>vim 스터디\1.1. 기본</Filter>
    </ClInclude>
    <ClInclude Include="Vector2.h">
      <Filter>vim 스터디\1.4. 편집</Filter>
    </ClInclude>
  </ItemGroup>
  <ItemGroup>
    <ResourceCompile Include="Yunuty.rc">
      <Filter>Resource Files\WinAPI</Filter>
    </ResourceCompile>
  </ItemGroup>
  <ItemGroup>
    <Image Include="icon1.ico">
      <Filter>Resource Files</Filter>
    </Image>
  </ItemGroup>
</Project>