<?xml version="1.0" encoding="utf-8"?>
<Project ToolsVersion="4.0" xmlns="http://schemas.microsoft.com/developer/msbuild/2003">
  <ItemGroup>
    <Filter Include="Source Files">
      <UniqueIdentifier>{4FC737F1-C7A5-4376-A066-2A32D752A2FF}</UniqueIdentifier>
      <Extensions>cpp;c;cc;cxx;c++;cppm;ixx;def;odl;idl;hpj;bat;asm;asmx</Extensions>
    </Filter>
    <Filter Include="Header Files">
      <UniqueIdentifier>{93995380-89BD-4b04-88EB-625FBE52EBFB}</UniqueIdentifier>
      <Extensions>h;hh;hpp;hxx;h++;hm;inl;inc;ipp;xsd</Extensions>
    </Filter>
    <Filter Include="Resource Files">
      <UniqueIdentifier>{67DA6AB6-F800-4c08-8B7A-83BB121AAD01}</UniqueIdentifier>
      <Extensions>rc;ico;cur;bmp;dlg;rc2;rct;bin;rgs;gif;jpg;jpeg;jpe;resx;tiff;tif;png;wav;mfcribbon-ms</Extensions>
    </Filter>
  </ItemGroup>
  <ItemGroup>
    <ClCompile Include="main.cpp">
      <Filter>Source Files</Filter>
    </ClCompile>
    <ClCompile Include="bruteForce_BOARDCOVER.h">
      <Filter>Header Files</Filter>
    </ClCompile>
    <ClCompile Include="bruteForce_CLOCKSYNC.h">
      <Filter>Header Files</Filter>
    </ClCompile>
    <ClCompile Include="bruteForce_PICNIC.h">
      <Filter>Header Files</Filter>
    </ClCompile>
  </ItemGroup>
  <ItemGroup>
    <ClInclude Include="bruteForce_BOGGLE.h">
      <Filter>Header Files</Filter>
    </ClInclude>
    <ClInclude Include="macros.h">
      <Filter>Header Files</Filter>
    </ClInclude>
    <ClInclude Include="divideConquer_QUADTREE.h">
      <Filter>Header Files</Filter>
    </ClInclude>
    <ClInclude Include="divideConquer_FENCE.h">
      <Filter>Header Files</Filter>
    </ClInclude>
    <ClInclude Include="divideConquer_FANMEETING.h">
      <Filter>Header Files</Filter>
    </ClInclude>
    <ClInclude Include="dynamicProgramming_JUMPGAME.h">
      <Filter>Header Files</Filter>
    </ClInclude>
    <ClInclude Include="dynamicProgramming_WILDCARD.h">
      <Filter>Header Files</Filter>
    </ClInclude>
    <ClInclude Include="dynamicProgramming_TRIANGLEPATH.h">
      <Filter>Header Files</Filter>
    </ClInclude>
    <ClInclude Include="dynamicProgramming_LIS.h">
      <Filter>Header Files</Filter>
    </ClInclude>
    <ClInclude Include="dynamicProgramming_JLIS.h">
      <Filter>Header Files</Filter>
    </ClInclude>
    <ClInclude Include="dynamicProgramming_PI.h">
      <Filter>Header Files</Filter>
    </ClInclude>
    <ClInclude Include="dynamicProgramming_QUANTIZE.h">
      <Filter>Header Files</Filter>
    </ClInclude>
    <ClInclude Include="dynamicProgramming_TILING2.h">
      <Filter>Header Files</Filter>
    </ClInclude>
    <ClInclude Include="dynamicProgramming_TRIPATHCNT.h">
      <Filter>Header Files</Filter>
    </ClInclude>
    <ClInclude Include="dynamicProgramming_SNAIL.h">
      <Filter>Header Files</Filter>
    </ClInclude>
    <ClInclude Include="dynamicProgramming_ASYMTILING.h">
      <Filter>Header Files</Filter>
    </ClInclude>
    <ClInclude Include="dynamicProgramming_POLY.h">
      <Filter>Header Files</Filter>
    </ClInclude>
    <ClInclude Include="dynamicProgramming_NUMB3RS.h">
      <Filter>Header Files</Filter>
    </ClInclude>
    <ClInclude Include="baek_roundTrip.h">
      <Filter>Header Files</Filter>
    </ClInclude>
  </ItemGroup>
</Project>